
Microsoft Visual Studio Solution File, Format Version 12.00
# Visual Studio Version 17
VisualStudioVersion = 17.0.31903.59
MinimumVisualStudioVersion = 10.0.40219.1
Project("{FAE04EC0-301F-11D3-BF4B-00C04F79EFBC}") = "dotNET_Solution", "dotNET_Solution\dotNET_Solution.csproj", "{62663BA0-2139-4A4C-B15D-7AAF78747B07}"
EndProject
Project("{FAE04EC0-301F-11D3-BF4B-00C04F79EFBC}") = "dotNET_Solution.Common", "dotNET_Solution.Common\dotNET_Solution.Common.csproj", "{ABBDC3A3-D863-4551-B8B1-F937A655EAB0}"
EndProject
Global
	GlobalSection(SolutionConfigurationPlatforms) = preSolution
		Debug|Any CPU = Debug|Any CPU
		Release|Any CPU = Release|Any CPU
	EndGlobalSection
	GlobalSection(SolutionProperties) = preSolution
		HideSolutionNode = FALSE
	EndGlobalSection
	GlobalSection(ProjectConfigurationPlatforms) = postSolution
		{62663BA0-2139-4A4C-B15D-7AAF78747B07}.Debug|Any CPU.ActiveCfg = Debug|Any CPU
		{62663BA0-2139-4A4C-B15D-7AAF78747B07}.Debug|Any CPU.Build.0 = Debug|Any CPU
		{62663BA0-2139-4A4C-B15D-7AAF78747B07}.Release|Any CPU.ActiveCfg = Release|Any CPU
		{62663BA0-2139-4A4C-B15D-7AAF78747B07}.Release|Any CPU.Build.0 = Release|Any CPU
		{ABBDC3A3-D863-4551-B8B1-F937A655EAB0}.Debug|Any CPU.ActiveCfg = Debug|Any CPU
		{ABBDC3A3-D863-4551-B8B1-F937A655EAB0}.Debug|Any CPU.Build.0 = Debug|Any CPU
		{ABBDC3A3-D863-4551-B8B1-F937A655EAB0}.Release|Any CPU.ActiveCfg = Release|Any CPU
		{ABBDC3A3-D863-4551-B8B1-F937A655EAB0}.Release|Any CPU.Build.0 = Release|Any CPU
	EndGlobalSection
EndGlobal
